
Microsoft Visual Studio Solution File, Format Version 12.00
# Visual Studio Version 16
VisualStudioVersion = 16.0.30011.22
MinimumVisualStudioVersion = 10.0.40219.1
Project("{F184B08F-C81C-45F6-A57F-5ABD9991F28F}") = "Mitutoyo Result Matcher", "WindowsApp1\Mitutoyo Result Matcher.vbproj", "{00D5EA70-4171-476F-9EE0-FE032EDBDAC1}"
EndProject
Project("{F184B08F-C81C-45F6-A57F-5ABD9991F28F}") = "MID", "MID_CHECK\MID.vbproj", "{4888CDBC-DB89-4EE0-B8CB-A094E625590E}"
EndProject
Project("{F184B08F-C81C-45F6-A57F-5ABD9991F28F}") = "MID_Register", "MID_Register\MID_Register.vbproj", "{90416EE1-AF26-4331-9183-6DADAF81B2B3}"
EndProject
Project("{54435603-DBB4-11D2-8724-00A0C9A8B90C}") = "MRM_Setup", "MRM_Setup\MRM_Setup.vdproj", "{A88FAD29-C57A-46DF-AD0A-53C36F7FE566}"
EndProject
Global
	GlobalSection(SolutionConfigurationPlatforms) = preSolution
		Debug|Any CPU = Debug|Any CPU
		Debug|ARM = Debug|ARM
		Debug|ARM64 = Debug|ARM64
		Debug|x64 = Debug|x64
		Debug|x86 = Debug|x86
		Release|Any CPU = Release|Any CPU
		Release|ARM = Release|ARM
		Release|ARM64 = Release|ARM64
		Release|x64 = Release|x64
		Release|x86 = Release|x86
	EndGlobalSection
	GlobalSection(ProjectConfigurationPlatforms) = postSolution
		{00D5EA70-4171-476F-9EE0-FE032EDBDAC1}.Debug|Any CPU.ActiveCfg = Debug|Any CPU
		{00D5EA70-4171-476F-9EE0-FE032EDBDAC1}.Debug|Any CPU.Build.0 = Debug|Any CPU
		{00D5EA70-4171-476F-9EE0-FE032EDBDAC1}.Debug|ARM.ActiveCfg = Debug|Any CPU
		{00D5EA70-4171-476F-9EE0-FE032EDBDAC1}.Debug|ARM.Build.0 = Debug|Any CPU
		{00D5EA70-4171-476F-9EE0-FE032EDBDAC1}.Debug|ARM64.ActiveCfg = Debug|Any CPU
		{00D5EA70-4171-476F-9EE0-FE032EDBDAC1}.Debug|ARM64.Build.0 = Debug|Any CPU
		{00D5EA70-4171-476F-9EE0-FE032EDBDAC1}.Debug|x64.ActiveCfg = Debug|Any CPU
		{00D5EA70-4171-476F-9EE0-FE032EDBDAC1}.Debug|x64.Build.0 = Debug|Any CPU
		{00D5EA70-4171-476F-9EE0-FE032EDBDAC1}.Debug|x86.ActiveCfg = Debug|Any CPU
		{00D5EA70-4171-476F-9EE0-FE032EDBDAC1}.Debug|x86.Build.0 = Debug|Any CPU
		{00D5EA70-4171-476F-9EE0-FE032EDBDAC1}.Release|Any CPU.ActiveCfg = Release|Any CPU
		{00D5EA70-4171-476F-9EE0-FE032EDBDAC1}.Release|Any CPU.Build.0 = Release|Any CPU
		{00D5EA70-4171-476F-9EE0-FE032EDBDAC1}.Release|ARM.ActiveCfg = Release|Any CPU
		{00D5EA70-4171-476F-9EE0-FE032EDBDAC1}.Release|ARM.Build.0 = Release|Any CPU
		{00D5EA70-4171-476F-9EE0-FE032EDBDAC1}.Release|ARM64.ActiveCfg = Release|Any CPU
		{00D5EA70-4171-476F-9EE0-FE032EDBDAC1}.Release|ARM64.Build.0 = Release|Any CPU
		{00D5EA70-4171-476F-9EE0-FE032EDBDAC1}.Release|x64.ActiveCfg = Release|Any CPU
		{00D5EA70-4171-476F-9EE0-FE032EDBDAC1}.Release|x64.Build.0 = Release|Any CPU
		{00D5EA70-4171-476F-9EE0-FE032EDBDAC1}.Release|x86.ActiveCfg = Release|Any CPU
		{00D5EA70-4171-476F-9EE0-FE032EDBDAC1}.Release|x86.Build.0 = Release|Any CPU
		{4888CDBC-DB89-4EE0-B8CB-A094E625590E}.Debug|Any CPU.ActiveCfg = Debug|Any CPU
		{4888CDBC-DB89-4EE0-B8CB-A094E625590E}.Debug|Any CPU.Build.0 = Debug|Any CPU
		{4888CDBC-DB89-4EE0-B8CB-A094E625590E}.Debug|ARM.ActiveCfg = Debug|Any CPU
		{4888CDBC-DB89-4EE0-B8CB-A094E625590E}.Debug|ARM.Build.0 = Debug|Any CPU
		{4888CDBC-DB89-4EE0-B8CB-A094E625590E}.Debug|ARM64.ActiveCfg = Debug|Any CPU
		{4888CDBC-DB89-4EE0-B8CB-A094E625590E}.Debug|ARM64.Build.0 = Debug|Any CPU
		{4888CDBC-DB89-4EE0-B8CB-A094E625590E}.Debug|x64.ActiveCfg = Debug|Any CPU
		{4888CDBC-DB89-4EE0-B8CB-A094E625590E}.Debug|x64.Build.0 = Debug|Any CPU
		{4888CDBC-DB89-4EE0-B8CB-A094E625590E}.Debug|x86.ActiveCfg = Debug|Any CPU
		{4888CDBC-DB89-4EE0-B8CB-A094E625590E}.Debug|x86.Build.0 = Debug|Any CPU
		{4888CDBC-DB89-4EE0-B8CB-A094E625590E}.Release|Any CPU.ActiveCfg = Release|Any CPU
		{4888CDBC-DB89-4EE0-B8CB-A094E625590E}.Release|Any CPU.Build.0 = Release|Any CPU
		{4888CDBC-DB89-4EE0-B8CB-A094E625590E}.Release|ARM.ActiveCfg = Release|Any CPU
		{4888CDBC-DB89-4EE0-B8CB-A094E625590E}.Release|ARM.Build.0 = Release|Any CPU
		{4888CDBC-DB89-4EE0-B8CB-A094E625590E}.Release|ARM64.ActiveCfg = Release|Any CPU
		{4888CDBC-DB89-4EE0-B8CB-A094E625590E}.Release|ARM64.Build.0 = Release|Any CPU
		{4888CDBC-DB89-4EE0-B8CB-A094E625590E}.Release|x64.ActiveCfg = Release|Any CPU
		{4888CDBC-DB89-4EE0-B8CB-A094E625590E}.Release|x64.Build.0 = Release|Any CPU
		{4888CDBC-DB89-4EE0-B8CB-A094E625590E}.Release|x86.ActiveCfg = Release|Any CPU
		{4888CDBC-DB89-4EE0-B8CB-A094E625590E}.Release|x86.Build.0 = Release|Any CPU
		{90416EE1-AF26-4331-9183-6DADAF81B2B3}.Debug|Any CPU.ActiveCfg = Debug|Any CPU
		{90416EE1-AF26-4331-9183-6DADAF81B2B3}.Debug|Any CPU.Build.0 = Debug|Any CPU
		{90416EE1-AF26-4331-9183-6DADAF81B2B3}.Debug|ARM.ActiveCfg = Debug|Any CPU
		{90416EE1-AF26-4331-9183-6DADAF81B2B3}.Debug|ARM.Build.0 = Debug|Any CPU
		{90416EE1-AF26-4331-9183-6DADAF81B2B3}.Debug|ARM64.ActiveCfg = Debug|Any CPU
		{90416EE1-AF26-4331-9183-6DADAF81B2B3}.Debug|ARM64.Build.0 = Debug|Any CPU
		{90416EE1-AF26-4331-9183-6DADAF81B2B3}.Debug|x64.ActiveCfg = Debug|Any CPU
		{90416EE1-AF26-4331-9183-6DADAF81B2B3}.Debug|x64.Build.0 = Debug|Any CPU
		{90416EE1-AF26-4331-9183-6DADAF81B2B3}.Debug|x86.ActiveCfg = Debug|Any CPU
		{90416EE1-AF26-4331-9183-6DADAF81B2B3}.Debug|x86.Build.0 = Debug|Any CPU
		{90416EE1-AF26-4331-9183-6DADAF81B2B3}.Release|Any CPU.ActiveCfg = Release|Any CPU
		{90416EE1-AF26-4331-9183-6DADAF81B2B3}.Release|Any CPU.Build.0 = Release|Any CPU
		{90416EE1-AF26-4331-9183-6DADAF81B2B3}.Release|ARM.ActiveCfg = Release|Any CPU
		{90416EE1-AF26-4331-9183-6DADAF81B2B3}.Release|ARM.Build.0 = Release|Any CPU
		{90416EE1-AF26-4331-9183-6DADAF81B2B3}.Release|ARM64.ActiveCfg = Release|Any CPU
		{90416EE1-AF26-4331-9183-6DADAF81B2B3}.Release|ARM64.Build.0 = Release|Any CPU
		{90416EE1-AF26-4331-9183-6DADAF81B2B3}.Release|x64.ActiveCfg = Release|Any CPU
		{90416EE1-AF26-4331-9183-6DADAF81B2B3}.Release|x64.Build.0 = Release|Any CPU
		{90416EE1-AF26-4331-9183-6DADAF81B2B3}.Release|x86.ActiveCfg = Release|Any CPU
		{90416EE1-AF26-4331-9183-6DADAF81B2B3}.Release|x86.Build.0 = Release|Any CPU
		{A88FAD29-C57A-46DF-AD0A-53C36F7FE566}.Debug|Any CPU.ActiveCfg = Debug
		{A88FAD29-C57A-46DF-AD0A-53C36F7FE566}.Debug|ARM.ActiveCfg = Debug
		{A88FAD29-C57A-46DF-AD0A-53C36F7FE566}.Debug|ARM64.ActiveCfg = Debug
		{A88FAD29-C57A-46DF-AD0A-53C36F7FE566}.Debug|x64.ActiveCfg = Debug
		{A88FAD29-C57A-46DF-AD0A-53C36F7FE566}.Debug|x86.ActiveCfg = Debug
		{A88FAD29-C57A-46DF-AD0A-53C36F7FE566}.Release|Any CPU.ActiveCfg = Release
		{A88FAD29-C57A-46DF-AD0A-53C36F7FE566}.Release|ARM.ActiveCfg = Release
		{A88FAD29-C57A-46DF-AD0A-53C36F7FE566}.Release|ARM64.ActiveCfg = Release
		{A88FAD29-C57A-46DF-AD0A-53C36F7FE566}.Release|x64.ActiveCfg = Release
		{A88FAD29-C57A-46DF-AD0A-53C36F7FE566}.Release|x86.ActiveCfg = Release
	EndGlobalSection
	GlobalSection(SolutionProperties) = preSolution
		HideSolutionNode = FALSE
	EndGlobalSection
	GlobalSection(ExtensibilityGlobals) = postSolution
		SolutionGuid = {57305743-02FA-4253-B737-E10D738CE3A0}
	EndGlobalSection
EndGlobal
